
Microsoft Visual Studio Solution File, Format Version 12.00
# Visual Studio Version 17
VisualStudioVersion = 17.8.34309.116
MinimumVisualStudioVersion = 10.0.40219.1
Project("{FAE04EC0-301F-11D3-BF4B-00C04F79EFBC}") = "IntroductionToCSharpCLI", "IntroductionToCSharpCLI\IntroductionToCSharpCLI.csproj", "{0EDFB82F-09B8-49BF-BBD2-78D716A76A52}"
EndProject
Global
	GlobalSection(SolutionConfigurationPlatforms) = preSolution
		Debug|Any CPU = Debug|Any CPU
		Release|Any CPU = Release|Any CPU
	EndGlobalSection
	GlobalSection(ProjectConfigurationPlatforms) = postSolution
		{0EDFB82F-09B8-49BF-BBD2-78D716A76A52}.Debug|Any CPU.ActiveCfg = Debug|Any CPU
		{0EDFB82F-09B8-49BF-BBD2-78D716A76A52}.Debug|Any CPU.Build.0 = Debug|Any CPU
		{0EDFB82F-09B8-49BF-BBD2-78D716A76A52}.Release|Any CPU.ActiveCfg = Release|Any CPU
		{0EDFB82F-09B8-49BF-BBD2-78D716A76A52}.Release|Any CPU.Build.0 = Release|Any CPU
	EndGlobalSection
	GlobalSection(SolutionProperties) = preSolution
		HideSolutionNode = FALSE
	EndGlobalSection
	GlobalSection(ExtensibilityGlobals) = postSolution
		SolutionGuid = {5EE2F048-D60D-485F-9638-D68D3BDD4AC1}
	EndGlobalSection
EndGlobal
